
Microsoft Visual Studio Solution File, Format Version 12.00
# Visual Studio 15
VisualStudioVersion = 15.0.28010.2048
MinimumVisualStudioVersion = 10.0.40219.1
Project("{9A19103F-16F7-4668-BE54-9A1E7A4F7556}") = "Strive.Web.App", "Strive.Web.App\Strive.Web.App.csproj", "{AFBC1B41-2115-4AA4-9D9B-6432E94E1885}"
EndProject
Project("{9A19103F-16F7-4668-BE54-9A1E7A4F7556}") = "Strive.Web.Common", "Strive.Web.Common\Strive.Web.Common.csproj", "{FAD7EA0B-B916-46FA-8DDF-8D890B1BDCC8}"
EndProject
Global
	GlobalSection(SolutionConfigurationPlatforms) = preSolution
		Debug|Any CPU = Debug|Any CPU
		Release|Any CPU = Release|Any CPU
	EndGlobalSection
	GlobalSection(ProjectConfigurationPlatforms) = postSolution
		{AFBC1B41-2115-4AA4-9D9B-6432E94E1885}.Debug|Any CPU.ActiveCfg = Debug|Any CPU
		{AFBC1B41-2115-4AA4-9D9B-6432E94E1885}.Debug|Any CPU.Build.0 = Debug|Any CPU
		{AFBC1B41-2115-4AA4-9D9B-6432E94E1885}.Release|Any CPU.ActiveCfg = Release|Any CPU
		{AFBC1B41-2115-4AA4-9D9B-6432E94E1885}.Release|Any CPU.Build.0 = Release|Any CPU
		{FAD7EA0B-B916-46FA-8DDF-8D890B1BDCC8}.Debug|Any CPU.ActiveCfg = Debug|Any CPU
		{FAD7EA0B-B916-46FA-8DDF-8D890B1BDCC8}.Debug|Any CPU.Build.0 = Debug|Any CPU
		{FAD7EA0B-B916-46FA-8DDF-8D890B1BDCC8}.Release|Any CPU.ActiveCfg = Release|Any CPU
		{FAD7EA0B-B916-46FA-8DDF-8D890B1BDCC8}.Release|Any CPU.Build.0 = Release|Any CPU
	EndGlobalSection
	GlobalSection(SolutionProperties) = preSolution
		HideSolutionNode = FALSE
	EndGlobalSection
	GlobalSection(ExtensibilityGlobals) = postSolution
		SolutionGuid = {0B42C908-AAA8-4B80-8AC2-BB1FB961BE6F}
	EndGlobalSection
EndGlobal
